
Microsoft Visual Studio Solution File, Format Version 12.00
# Visual Studio 15
VisualStudioVersion = 15.0.27130.2027
MinimumVisualStudioVersion = 10.0.40219.1
Project("{FAE04EC0-301F-11D3-BF4B-00C04F79EFBC}") = "Robot Drawing Interface", "Robot Drawing Interface\Robot Drawing Interface.csproj", "{1DE9B5E4-3F8E-4CE2-B700-6ABDF0D96768}"
EndProject
Project("{2150E333-8FDC-42A3-9474-1A3956D46DE8}") = "Solution Items", "Solution Items", "{6FF53BCD-37DC-4F2D-8D70-0A45CAA10233}"
EndProject
Global
	GlobalSection(SolutionConfigurationPlatforms) = preSolution
		Debug|Any CPU = Debug|Any CPU
		Release|Any CPU = Release|Any CPU
	EndGlobalSection
	GlobalSection(ProjectConfigurationPlatforms) = postSolution
		{1DE9B5E4-3F8E-4CE2-B700-6ABDF0D96768}.Debug|Any CPU.ActiveCfg = Debug|Any CPU
		{1DE9B5E4-3F8E-4CE2-B700-6ABDF0D96768}.Debug|Any CPU.Build.0 = Debug|Any CPU
		{1DE9B5E4-3F8E-4CE2-B700-6ABDF0D96768}.Release|Any CPU.ActiveCfg = Release|Any CPU
		{1DE9B5E4-3F8E-4CE2-B700-6ABDF0D96768}.Release|Any CPU.Build.0 = Release|Any CPU
	EndGlobalSection
	GlobalSection(SolutionProperties) = preSolution
		HideSolutionNode = FALSE
	EndGlobalSection
	GlobalSection(ExtensibilityGlobals) = postSolution
		SolutionGuid = {3480A2AB-0C99-49AD-8405-9632098CE45C}
	EndGlobalSection
EndGlobal
